{
  "name": "ascii-boxplot",
  "version": "1.0.3",
  "lockfileVersion": 2,
  "requires": true,
  "packages": {
    "": {
      "name": "ascii-boxplot",
      "version": "1.0.3",
      "license": "MIT",
      "dependencies": {
        "sample-quantile": "^1.0.1"
      },
      "devDependencies": {
        "assert-op": "^0.8.0",
        "cotest": "^1.3.0"
      }
    },
    "node_modules/assert-op": {
      "version": "0.8.0",
      "resolved": "https://registry.npmjs.org/assert-op/-/assert-op-0.8.0.tgz",
      "integrity": "sha512-qNg5PCwqkAITxrOqtY7AXfxKt4gFJHzxl5eOsKyfi5zIKXLfqX3I0pxwwCJykgGlJDwL8eymKULCXNynGBpp0A==",
      "dev": true
    },
    "node_modules/cotest": {
      "version": "1.6.1",
      "resolved": "https://registry.npmjs.org/cotest/-/cotest-1.6.1.tgz",
      "integrity": "sha1-6MIqcHRMNLn2JGUrLAhQmNaoJwo=",
      "dev": true,
      "bin": {
        "cotest": "cli.js"
      }
    },
    "node_modules/sample-quantile": {
      "version": "1.0.2",
      "resolved": "https://registry.npmjs.org/sample-quantile/-/sample-quantile-1.0.2.tgz",
      "integrity": "sha1-lv4hlE9kafnpToAcxRmdD98Ojwo="
    }
  },
  "dependencies": {
    "assert-op": {
      "version": "0.8.0",
      "resolved": "https://registry.npmjs.org/assert-op/-/assert-op-0.8.0.tgz",
      "integrity": "sha512-qNg5PCwqkAITxrOqtY7AXfxKt4gFJHzxl5eOsKyfi5zIKXLfqX3I0pxwwCJykgGlJDwL8eymKULCXNynGBpp0A==",
      "dev": true
    },
    "cotest": {
      "version": "1.6.1",
      "resolved": "https://registry.npmjs.org/cotest/-/cotest-1.6.1.tgz",
      "integrity": "sha1-6MIqcHRMNLn2JGUrLAhQmNaoJwo=",
      "dev": true
    },
    "sample-quantile": {
      "version": "1.0.2",
      "resolved": "https://registry.npmjs.org/sample-quantile/-/sample-quantile-1.0.2.tgz",
      "integrity": "sha1-lv4hlE9kafnpToAcxRmdD98Ojwo="
    }
  }
}
